
Microsoft Visual Studio Solution File, Format Version 12.00
# Visual Studio 15
VisualStudioVersion = 15.0.28307.489
MinimumVisualStudioVersion = 10.0.40219.1
Project("{FAE04EC0-301F-11D3-BF4B-00C04F79EFBC}") = "Guia 0 - Ej 2)", "Guia 0 - Ej 2)\Guia 0 - Ej 2).csproj", "{FC02F96C-8EE5-45AD-9E8C-0E4E267B2600}"
EndProject
Global
	GlobalSection(SolutionConfigurationPlatforms) = preSolution
		Debug|Any CPU = Debug|Any CPU
		Release|Any CPU = Release|Any CPU
	EndGlobalSection
	GlobalSection(ProjectConfigurationPlatforms) = postSolution
		{FC02F96C-8EE5-45AD-9E8C-0E4E267B2600}.Debug|Any CPU.ActiveCfg = Debug|Any CPU
		{FC02F96C-8EE5-45AD-9E8C-0E4E267B2600}.Debug|Any CPU.Build.0 = Debug|Any CPU
		{FC02F96C-8EE5-45AD-9E8C-0E4E267B2600}.Release|Any CPU.ActiveCfg = Release|Any CPU
		{FC02F96C-8EE5-45AD-9E8C-0E4E267B2600}.Release|Any CPU.Build.0 = Release|Any CPU
	EndGlobalSection
	GlobalSection(SolutionProperties) = preSolution
		HideSolutionNode = FALSE
	EndGlobalSection
	GlobalSection(ExtensibilityGlobals) = postSolution
		SolutionGuid = {C3293222-0C25-42A9-BE76-62FD08F05DCE}
	EndGlobalSection
EndGlobal
